// !$*UTF8*$!
{
	archiveVersion = 1;
	classes = {
	};
	objectVersion = 77;
	objects = {

/* Begin PBXBuildFile section */
		064EEF442DD3A85B00A2546F /* Property List.plist in Resources */ = {isa = PBXBuildFile; fileRef = 064EEF432DD3A85B00A2546F /* Property List.plist */; };
/* End PBXBuildFile section */

/* Begin PBXContainerItemProxy section */
		064EEEB42DD3276200A2546F /* PBXContainerItemProxy */ = {
			isa = PBXContainerItemProxy;
			containerPortal = 064EEE9B2DD3276000A2546F /* Project object */;
			proxyType = 1;
			remoteGlobalIDString = 064EEEA22DD3276000A2546F;
			remoteInfo = HackLiverpool;
		};
		064EEEBE2DD3276200A2546F /* PBXContainerItemProxy */ = {
			isa = PBXContainerItemProxy;
			containerPortal = 064EEE9B2DD3276000A2546F /* Project object */;
			proxyType = 1;
			remoteGlobalIDString = 064EEEA22DD3276000A2546F;
			remoteInfo = HackLiverpool;
		};
/* End PBXContainerItemProxy section */

/* Begin PBXFileReference section */
		064EEEA32DD3276000A2546F /* HackLiverpool.app */ = {isa = PBXFileReference; explicitFileType = wrapper.application; includeInIndex = 0; path = HackLiverpool.app; sourceTree = BUILT_PRODUCTS_DIR; };
		064EEEB32DD3276200A2546F /* HackLiverpoolTests.xctest */ = {isa = PBXFileReference; explicitFileType = wrapper.cfbundle; includeInIndex = 0; path = HackLiverpoolTests.xctest; sourceTree = BUILT_PRODUCTS_DIR; };
		064EEEBD2DD3276200A2546F /* HackLiverpoolUITests.xctest */ = {isa = PBXFileReference; explicitFileType = wrapper.cfbundle; includeInIndex = 0; path = HackLiverpoolUITests.xctest; sourceTree = BUILT_PRODUCTS_DIR; };
		064EEF432DD3A85B00A2546F /* Property List.plist */ = {isa = PBXFileReference; lastKnownFileType = text.plist.xml; path = "Property List.plist"; sourceTree = "<group>"; };
/* End PBXFileReference section */

/* Begin PBXFileSystemSynchronizedRootGroup section */
		064EEEA52DD3276000A2546F /* HackLiverpool */ = {
			isa = PBXFileSystemSynchronizedRootGroup;
			path = HackLiverpool;
			sourceTree = "<group>";
		};
		064EEEB62DD3276200A2546F /* HackLiverpoolTests */ = {
			isa = PBXFileSystemSynchronizedRootGroup;
			path = HackLiverpoolTests;
			sourceTree = "<group>";
		};
		064EEEC02DD3276200A2546F /* HackLiverpoolUITests */ = {
			isa = PBXFileSystemSynchronizedRootGroup;
			path = HackLiverpoolUITests;
			sourceTree = "<group>";
		};
/* End PBXFileSystemSynchronizedRootGroup section */

/* Begin PBXFrameworksBuildPhase section */
		064EEEA02DD3276000A2546F /* Frameworks */ = {
			isa = PBXFrameworksBuildPhase;
			buildActionMask = 2147483647;
			files = (
			);
			runOnlyForDeploymentPostprocessing = 0;
		};
		064EEEB02DD3276200A2546F /* Frameworks */ = {
			isa = PBXFrameworksBuildPhase;
			buildActionMask = 2147483647;
			files = (
			);
			runOnlyForDeploymentPostprocessing = 0;
		};
		064EEEBA2DD3276200A2546F /* Frameworks */ = {
			isa = PBXFrameworksBuildPhase;
			buildActionMask = 2147483647;
			files = (
			);
			runOnlyForDeploymentPostprocessing = 0;
		};
/* End PBXFrameworksBuildPhase section */

/* Begin PBXGroup section */
		064EEE9A2DD3276000A2546F = {
			isa = PBXGroup;
			children = (
				064EEF432DD3A85B00A2546F /* Property List.plist */,
				064EEEA52DD3276000A2546F /* HackLiverpool */,
				064EEEB62DD3276200A2546F /* HackLiverpoolTests */,
				064EEEC02DD3276200A2546F /* HackLiverpoolUITests */,
				064EEEA42DD3276000A2546F /* Products */,
			);
			sourceTree = "<group>";
		};
		064EEEA42DD3276000A2546F /* Products */ = {
			isa = PBXGroup;
			children = (
				064EEEA32DD3276000A2546F /* HackLiverpool.app */,
				064EEEB32DD3276200A2546F /* HackLiverpoolTests.xctest */,
				064EEEBD2DD3276200A2546F /* HackLiverpoolUITests.xctest */,
			);
			name = Products;
			sourceTree = "<group>";
		};
/* End PBXGroup section */

/* Begin PBXNativeTarget section */
		064EEEA22DD3276000A2546F /* HackLiverpool */ = {
			isa = PBXNativeTarget;
			buildConfigurationList = 064EEEC72DD3276200A2546F /* Build configuration list for PBXNativeTarget "HackLiverpool" */;
			buildPhases = (
				064EEE9F2DD3276000A2546F /* Sources */,
				064EEEA02DD3276000A2546F /* Frameworks */,
				064EEEA12DD3276000A2546F /* Resources */,
			);
			buildRules = (
			);
			dependencies = (
			);
			fileSystemSynchronizedGroups = (
				064EEEA52DD3276000A2546F /* HackLiverpool */,
			);
			name = HackLiverpool;
			packageProductDependencies = (
			);
			productName = HackLiverpool;
			productReference = 064EEEA32DD3276000A2546F /* HackLiverpool.app */;
			productType = "com.apple.product-type.application";
		};
		064EEEB22DD3276200A2546F /* HackLiverpoolTests */ = {
			isa = PBXNativeTarget;
			buildConfigurationList = 064EEECA2DD3276200A2546F /* Build configuration list for PBXNativeTarget "HackLiverpoolTests" */;
			buildPhases = (
				064EEEAF2DD3276200A2546F /* Sources */,
				064EEEB02DD3276200A2546F /* Frameworks */,
				064EEEB12DD3276200A2546F /* Resources */,
			);
			buildRules = (
			);
			dependencies = (
				064EEEB52DD3276200A2546F /* PBXTargetDependency */,
			);
			fileSystemSynchronizedGroups = (
				064EEEB62DD3276200A2546F /* HackLiverpoolTests */,
			);
			name = HackLiverpoolTests;
			packageProductDependencies = (
			);
			productName = HackLiverpoolTests;
			productReference = 064EEEB32DD3276200A2546F /* HackLiverpoolTests.xctest */;
			productType = "com.apple.product-type.bundle.unit-test";
		};
		064EEEBC2DD3276200A2546F /* HackLiverpoolUITests */ = {
			isa = PBXNativeTarget;
			buildConfigurationList = 064EEECD2DD3276200A2546F /* Build configuration list for PBXNativeTarget "HackLiverpoolUITests" */;
			buildPhases = (
				064EEEB92DD3276200A2546F /* Sources */,
				064EEEBA2DD3276200A2546F /* Frameworks */,
				064EEEBB2DD3276200A2546F /* Resources */,
			);
			buildRules = (
			);
			dependencies = (
				064EEEBF2DD3276200A2546F /* PBXTargetDependency */,
			);
			fileSystemSynchronizedGroups = (
				064EEEC02DD3276200A2546F /* HackLiverpoolUITests */,
			);
			name = HackLiverpoolUITests;
			packageProductDependencies = (
			);
			productName = HackLiverpoolUITests;
			productReference = 064EEEBD2DD3276200A2546F /* HackLiverpoolUITests.xctest */;
			productType = "com.apple.product-type.bundle.ui-testing";
		};
/* End PBXNativeTarget section */

/* Begin PBXProject section */
		064EEE9B2DD3276000A2546F /* Project object */ = {
			isa = PBXProject;
			attributes = {
				BuildIndependentTargetsInParallel = 1;
				LastSwiftUpdateCheck = 1620;
				LastUpgradeCheck = 1620;
				TargetAttributes = {
					064EEEA22DD3276000A2546F = {
						CreatedOnToolsVersion = 16.2;
					};
					064EEEB22DD3276200A2546F = {
						CreatedOnToolsVersion = 16.2;
						TestTargetID = 064EEEA22DD3276000A2546F;
					};
					064EEEBC2DD3276200A2546F = {
						CreatedOnToolsVersion = 16.2;
						TestTargetID = 064EEEA22DD3276000A2546F;
					};
				};
			};
			buildConfigurationList = 064EEE9E2DD3276000A2546F /* Build configuration list for PBXProject "HackLiverpool" */;
			developmentRegion = en;
			hasScannedForEncodings = 0;
			knownRegions = (
				en,
				Base,
			);
			mainGroup = 064EEE9A2DD3276000A2546F;
			minimizedProjectReferenceProxies = 1;
			preferredProjectObjectVersion = 77;
			productRefGroup = 064EEEA42DD3276000A2546F /* Products */;
			projectDirPath = "";
			projectRoot = "";
			targets = (
				064EEEA22DD3276000A2546F /* HackLiverpool */,
				064EEEB22DD3276200A2546F /* HackLiverpoolTests */,
				064EEEBC2DD3276200A2546F /* HackLiverpoolUITests */,
			);
		};
/* End PBXProject section */

/* Begin PBXResourcesBuildPhase section */
		064EEEA12DD3276000A2546F /* Resources */ = {
			isa = PBXResourcesBuildPhase;
			buildActionMask = 2147483647;
			files = (
				064EEF442DD3A85B00A2546F /* Property List.plist in Resources */,
			);
			runOnlyForDeploymentPostprocessing = 0;
		};
		064EEEB12DD3276200A2546F /* Resources */ = {
			isa = PBXResourcesBuildPhase;
			buildActionMask = 2147483647;
			files = (
			);
			runOnlyForDeploymentPostprocessing = 0;
		};
		064EEEBB2DD3276200A2546F /* Resources */ = {
			isa = PBXResourcesBuildPhase;
			buildActionMask = 2147483647;
			files = (
			);
			runOnlyForDeploymentPostprocessing = 0;
		};
/* End PBXResourcesBuildPhase section */

/* Begin PBXSourcesBuildPhase section */
		064EEE9F2DD3276000A2546F /* Sources */ = {
			isa = PBXSourcesBuildPhase;
			buildActionMask = 2147483647;
			files = (
			);
			runOnlyForDeploymentPostprocessing = 0;
		};
		064EEEAF2DD3276200A2546F /* Sources */ = {
			isa = PBXSourcesBuildPhase;
			buildActionMask = 2147483647;
			files = (
			);
			runOnlyForDeploymentPostprocessing = 0;
		};
		064EEEB92DD3276200A2546F /* Sources */ = {
			isa = PBXSourcesBuildPhase;
			buildActionMask = 2147483647;
			files = (
			);
			runOnlyForDeploymentPostprocessing = 0;
		};
/* End PBXSourcesBuildPhase section */

/* Begin PBXTargetDependency section */
		064EEEB52DD3276200A2546F /* PBXTargetDependency */ = {
			isa = PBXTargetDependency;
			target = 064EEEA22DD3276000A2546F /* HackLiverpool */;
			targetProxy = 064EEEB42DD3276200A2546F /* PBXContainerItemProxy */;
		};
		064EEEBF2DD3276200A2546F /* PBXTargetDependency */ = {
			isa = PBXTargetDependency;
			target = 064EEEA22DD3276000A2546F /* HackLiverpool */;
			targetProxy = 064EEEBE2DD3276200A2546F /* PBXContainerItemProxy */;
		};
/* End PBXTargetDependency section */

/* Begin XCBuildConfiguration section */
		064EEEC52DD3276200A2546F /* Debug */ = {
			isa = XCBuildConfiguration;
			buildSettings = {
				ALWAYS_SEARCH_USER_PATHS = NO;
				ASSETCATALOG_COMPILER_GENERATE_SWIFT_ASSET_SYMBOL_EXTENSIONS = YES;
				CLANG_ANALYZER_NONNULL = YES;
				CLANG_ANALYZER_NUMBER_OBJECT_CONVERSION = YES_AGGRESSIVE;
				CLANG_CXX_LANGUAGE_STANDARD = "gnu++20";
				CLANG_ENABLE_MODULES = YES;
				CLANG_ENABLE_OBJC_ARC = YES;
				CLANG_ENABLE_OBJC_WEAK = YES;
				CLANG_WARN_BLOCK_CAPTURE_AUTORELEASING = YES;
				CLANG_WARN_BOOL_CONVERSION = YES;
				CLANG_WARN_COMMA = YES;
				CLANG_WARN_CONSTANT_CONVERSION = YES;
				CLANG_WARN_DEPRECATED_OBJC_IMPLEMENTATIONS = YES;
				CLANG_WARN_DIRECT_OBJC_ISA_USAGE = YES_ERROR;
				CLANG_WARN_DOCUMENTATION_COMMENTS = YES;
				CLANG_WARN_EMPTY_BODY = YES;
				CLANG_WARN_ENUM_CONVERSION = YES;
				CLANG_WARN_INFINITE_RECURSION = YES;
				CLANG_WARN_INT_CONVERSION = YES;
				CLANG_WARN_NON_LITERAL_NULL_CONVERSION = YES;
				CLANG_WARN_OBJC_IMPLICIT_RETAIN_SELF = YES;
				CLANG_WARN_OBJC_LITERAL_CONVERSION = YES;
				CLANG_WARN_OBJC_ROOT_CLASS = YES_ERROR;
				CLANG_WARN_QUOTED_INCLUDE_IN_FRAMEWORK_HEADER = YES;
				CLANG_WARN_RANGE_LOOP_ANALYSIS = YES;
				CLANG_WARN_STRICT_PROTOTYPES = YES;
				CLANG_WARN_SUSPICIOUS_MOVE = YES;
				CLANG_WARN_UNGUARDED_AVAILABILITY = YES_AGGRESSIVE;
				CLANG_WARN_UNREACHABLE_CODE = YES;
				CLANG_WARN__DUPLICATE_METHOD_MATCH = YES;
				COPY_PHASE_STRIP = NO;
				DEBUG_INFORMATION_FORMAT = dwarf;
				ENABLE_STRICT_OBJC_MSGSEND = YES;
				ENABLE_TESTABILITY = YES;
				ENABLE_USER_SCRIPT_SANDBOXING = YES;
				GCC_C_LANGUAGE_STANDARD = gnu17;
				GCC_DYNAMIC_NO_PIC = NO;
				GCC_NO_COMMON_BLOCKS = YES;
				GCC_OPTIMIZATION_LEVEL = 0;
				GCC_PREPROCESSOR_DEFINITIONS = (
					"DEBUG=1",
					"$(inherited)",
				);
				GCC_WARN_64_TO_32_BIT_CONVERSION = YES;
				GCC_WARN_ABOUT_RETURN_TYPE = YES_ERROR;
				GCC_WARN_UNDECLARED_SELECTOR = YES;
				GCC_WARN_UNINITIALIZED_AUTOS = YES_AGGRESSIVE;
				GCC_WARN_UNUSED_FUNCTION = YES;
				GCC_WARN_UNUSED_VARIABLE = YES;
				IPHONEOS_DEPLOYMENT_TARGET = 18.2;
				LOCALIZATION_PREFERS_STRING_CATALOGS = YES;
				MTL_ENABLE_DEBUG_INFO = INCLUDE_SOURCE;
				MTL_FAST_MATH = YES;
				ONLY_ACTIVE_ARCH = YES;
				SDKROOT = iphoneos;
				SWIFT_ACTIVE_COMPILATION_CONDITIONS = "DEBUG $(inherited)";
				SWIFT_OPTIMIZATION_LEVEL = "-Onone";
			};
			name = Debug;
		};
		064EEEC62DD3276200A2546F /* Release */ = {
			isa = XCBuildConfiguration;
			buildSettings = {
				ALWAYS_SEARCH_USER_PATHS = NO;
				ASSETCATALOG_COMPILER_GENERATE_SWIFT_ASSET_SYMBOL_EXTENSIONS = YES;
				CLANG_ANALYZER_NONNULL = YES;
				CLANG_ANALYZER_NUMBER_OBJECT_CONVERSION = YES_AGGRESSIVE;
				CLANG_CXX_LANGUAGE_STANDARD = "gnu++20";
				CLANG_ENABLE_MODULES = YES;
				CLANG_ENABLE_OBJC_ARC = YES;
				CLANG_ENABLE_OBJC_WEAK = YES;
				CLANG_WARN_BLOCK_CAPTURE_AUTORELEASING = YES;
				CLANG_WARN_BOOL_CONVERSION = YES;
				CLANG_WARN_COMMA = YES;
				CLANG_WARN_CONSTANT_CONVERSION = YES;
				CLANG_WARN_DEPRECATED_OBJC_IMPLEMENTATIONS = YES;
				CLANG_WARN_DIRECT_OBJC_ISA_USAGE = YES_ERROR;
				CLANG_WARN_DOCUMENTATION_COMMENTS = YES;
				CLANG_WARN_EMPTY_BODY = YES;
				CLANG_WARN_ENUM_CONVERSION = YES;
				CLANG_WARN_INFINITE_RECURSION = YES;
				CLANG_WARN_INT_CONVERSION = YES;
				CLANG_WARN_NON_LITERAL_NULL_CONVERSION = YES;
				CLANG_WARN_OBJC_IMPLICIT_RETAIN_SELF = YES;
				CLANG_WARN_OBJC_LITERAL_CONVERSION = YES;
				CLANG_WARN_OBJC_ROOT_CLASS = YES_ERROR;
				CLANG_WARN_QUOTED_INCLUDE_IN_FRAMEWORK_HEADER = YES;
				CLANG_WARN_RANGE_LOOP_ANALYSIS = YES;
				CLANG_WARN_STRICT_PROTOTYPES = YES;
				CLANG_WARN_SUSPICIOUS_MOVE = YES;
				CLANG_WARN_UNGUARDED_AVAILABILITY = YES_AGGRESSIVE;
				CLANG_WARN_UNREACHABLE_CODE = YES;
				CLANG_WARN__DUPLICATE_METHOD_MATCH = YES;
				COPY_PHASE_STRIP = NO;
				DEBUG_INFORMATION_FORMAT = "dwarf-with-dsym";
				ENABLE_NS_ASSERTIONS = NO;
				ENABLE_STRICT_OBJC_MSGSEND = YES;
				ENABLE_USER_SCRIPT_SANDBOXING = YES;
				GCC_C_LANGUAGE_STANDARD = gnu17;
				GCC_NO_COMMON_BLOCKS = YES;
				GCC_WARN_64_TO_32_BIT_CONVERSION = YES;
				GCC_WARN_ABOUT_RETURN_TYPE = YES_ERROR;
				GCC_WARN_UNDECLARED_SELECTOR = YES;
				GCC_WARN_UNINITIALIZED_AUTOS = YES_AGGRESSIVE;
				GCC_WARN_UNUSED_FUNCTION = YES;
				GCC_WARN_UNUSED_VARIABLE = YES;
				IPHONEOS_DEPLOYMENT_TARGET = 18.2;
				LOCALIZATION_PREFERS_STRING_CATALOGS = YES;
				MTL_ENABLE_DEBUG_INFO = NO;
				MTL_FAST_MATH = YES;
				SDKROOT = iphoneos;
				SWIFT_COMPILATION_MODE = wholemodule;
				VALIDATE_PRODUCT = YES;
			};
			name = Release;
		};
		064EEEC82DD3276200A2546F /* Debug */ = {
			isa = XCBuildConfiguration;
			buildSettings = {
				ASSETCATALOG_COMPILER_APPICON_NAME = AppIcon;
				ASSETCATALOG_COMPILER_GLOBAL_ACCENT_COLOR_NAME = AccentColor;
				CODE_SIGN_STYLE = Automatic;
				CURRENT_PROJECT_VERSION = 1;
				DEVELOPMENT_ASSET_PATHS = "\"HackLiverpool/Preview Content\"";
				ENABLE_PREVIEWS = YES;
				GENERATE_INFOPLIST_FILE = YES;
				INFOPLIST_KEY_UIApplicationSceneManifest_Generation = YES;
				INFOPLIST_KEY_UIApplicationSupportsIndirectInputEvents = YES;
				INFOPLIST_KEY_UILaunchScreen_Generation = YES;
				INFOPLIST_KEY_UISupportedInterfaceOrientations_iPad = "UIInterfaceOrientationPortrait UIInterfaceOrientationPortraitUpsideDown UIInterfaceOrientationLandscapeLeft UIInterfaceOrientationLandscapeRight";
				INFOPLIST_KEY_UISupportedInterfaceOrientations_iPhone = "UIInterfaceOrientationPortrait UIInterfaceOrientationLandscapeLeft UIInterfaceOrientationLandscapeRight";
				LD_RUNPATH_SEARCH_PATHS = (
					"$(inherited)",
					"@executable_path/Frameworks",
				);
				MARKETING_VERSION = 1.0;
				PRODUCT_BUNDLE_IDENTIFIER = UDLAP.HackLiverpool;
				PRODUCT_NAME = "$(TARGET_NAME)";
				SWIFT_EMIT_LOC_STRINGS = YES;
				SWIFT_VERSION = 5.0;
				TARGETED_DEVICE_FAMILY = "1,2";
			};
			name = Debug;
		};
		064EEEC92DD3276200A2546F /* Release */ = {
			isa = XCBuildConfiguration;
			buildSettings = {
				ASSETCATALOG_COMPILER_APPICON_NAME = AppIcon;
				ASSETCATALOG_COMPILER_GLOBAL_ACCENT_COLOR_NAME = AccentColor;
				CODE_SIGN_STYLE = Automatic;
				CURRENT_PROJECT_VERSION = 1;
				DEVELOPMENT_ASSET_PATHS = "\"HackLiverpool/Preview Content\"";
				ENABLE_PREVIEWS = YES;
				GENERATE_INFOPLIST_FILE = YES;
				INFOPLIST_KEY_UIApplicationSceneManifest_Generation = YES;
				INFOPLIST_KEY_UIApplicationSupportsIndirectInputEvents = YES;
				INFOPLIST_KEY_UILaunchScreen_Generation = YES;
				INFOPLIST_KEY_UISupportedInterfaceOrientations_iPad = "UIInterfaceOrientationPortrait UIInterfaceOrientationPortraitUpsideDown UIInterfaceOrientationLandscapeLeft UIInterfaceOrientationLandscapeRight";
				INFOPLIST_KEY_UISupportedInterfaceOrientations_iPhone = "UIInterfaceOrientationPortrait UIInterfaceOrientationLandscapeLeft UIInterfaceOrientationLandscapeRight";
				LD_RUNPATH_SEARCH_PATHS = (
					"$(inherited)",
					"@executable_path/Frameworks",
				);
				MARKETING_VERSION = 1.0;
				PRODUCT_BUNDLE_IDENTIFIER = UDLAP.HackLiverpool;
				PRODUCT_NAME = "$(TARGET_NAME)";
				SWIFT_EMIT_LOC_STRINGS = YES;
				SWIFT_VERSION = 5.0;
				TARGETED_DEVICE_FAMILY = "1,2";
			};
			name = Release;
		};
		064EEECB2DD3276200A2546F /* Debug */ = {
			isa = XCBuildConfiguration;
			buildSettings = {
				BUNDLE_LOADER = "$(TEST_HOST)";
				CODE_SIGN_STYLE = Automatic;
				CURRENT_PROJECT_VERSION = 1;
				GENERATE_INFOPLIST_FILE = YES;
				IPHONEOS_DEPLOYMENT_TARGET = 18.2;
				MARKETING_VERSION = 1.0;
				PRODUCT_BUNDLE_IDENTIFIER = UDLAP.HackLiverpoolTests;
				PRODUCT_NAME = "$(TARGET_NAME)";
				SWIFT_EMIT_LOC_STRINGS = NO;
				SWIFT_VERSION = 5.0;
				TARGETED_DEVICE_FAMILY = "1,2";
				TEST_HOST = "$(BUILT_PRODUCTS_DIR)/HackLiverpool.app/$(BUNDLE_EXECUTABLE_FOLDER_PATH)/HackLiverpool";
			};
			name = Debug;
		};
		064EEECC2DD3276200A2546F /* Release */ = {
			isa = XCBuildConfiguration;
			buildSettings = {
				BUNDLE_LOADER = "$(TEST_HOST)";
				CODE_SIGN_STYLE = Automatic;
				CURRENT_PROJECT_VERSION = 1;
				GENERATE_INFOPLIST_FILE = YES;
				IPHONEOS_DEPLOYMENT_TARGET = 18.2;
				MARKETING_VERSION = 1.0;
				PRODUCT_BUNDLE_IDENTIFIER = UDLAP.HackLiverpoolTests;
				PRODUCT_NAME = "$(TARGET_NAME)";
				SWIFT_EMIT_LOC_STRINGS = NO;
				SWIFT_VERSION = 5.0;
				TARGETED_DEVICE_FAMILY = "1,2";
				TEST_HOST = "$(BUILT_PRODUCTS_DIR)/HackLiverpool.app/$(BUNDLE_EXECUTABLE_FOLDER_PATH)/HackLiverpool";
			};
			name = Release;
		};
		064EEECE2DD3276200A2546F /* Debug */ = {
			isa = XCBuildConfiguration;
			buildSettings = {
				CODE_SIGN_STYLE = Automatic;
				CURRENT_PROJECT_VERSION = 1;
				GENERATE_INFOPLIST_FILE = YES;
				MARKETING_VERSION = 1.0;
				PRODUCT_BUNDLE_IDENTIFIER = UDLAP.HackLiverpoolUITests;
				PRODUCT_NAME = "$(TARGET_NAME)";
				SWIFT_EMIT_LOC_STRINGS = NO;
				SWIFT_VERSION = 5.0;
				TARGETED_DEVICE_FAMILY = "1,2";
				TEST_TARGET_NAME = HackLiverpool;
			};
			name = Debug;
		};
		064EEECF2DD3276200A2546F /* Release */ = {
			isa = XCBuildConfiguration;
			buildSettings = {
				CODE_SIGN_STYLE = Automatic;
				CURRENT_PROJECT_VERSION = 1;
				GENERATE_INFOPLIST_FILE = YES;
				MARKETING_VERSION = 1.0;
				PRODUCT_BUNDLE_IDENTIFIER = UDLAP.HackLiverpoolUITests;
				PRODUCT_NAME = "$(TARGET_NAME)";
				SWIFT_EMIT_LOC_STRINGS = NO;
				SWIFT_VERSION = 5.0;
				TARGETED_DEVICE_FAMILY = "1,2";
				TEST_TARGET_NAME = HackLiverpool;
			};
			name = Release;
		};
/* End XCBuildConfiguration section */

/* Begin XCConfigurationList section */
		064EEE9E2DD3276000A2546F /* Build configuration list for PBXProject "HackLiverpool" */ = {
			isa = XCConfigurationList;
			buildConfigurations = (
				064EEEC52DD3276200A2546F /* Debug */,
				064EEEC62DD3276200A2546F /* Release */,
			);
			defaultConfigurationIsVisible = 0;
			defaultConfigurationName = Release;
		};
		064EEEC72DD3276200A2546F /* Build configuration list for PBXNativeTarget "HackLiverpool" */ = {
			isa = XCConfigurationList;
			buildConfigurations = (
				064EEEC82DD3276200A2546F /* Debug */,
				064EEEC92DD3276200A2546F /* Release */,
			);
			defaultConfigurationIsVisible = 0;
			defaultConfigurationName = Release;
		};
		064EEECA2DD3276200A2546F /* Build configuration list for PBXNativeTarget "HackLiverpoolTests" */ = {
			isa = XCConfigurationList;
			buildConfigurations = (
				064EEECB2DD3276200A2546F /* Debug */,
				064EEECC2DD3276200A2546F /* Release */,
			);
			defaultConfigurationIsVisible = 0;
			defaultConfigurationName = Release;
		};
		064EEECD2DD3276200A2546F /* Build configuration list for PBXNativeTarget "HackLiverpoolUITests" */ = {
			isa = XCConfigurationList;
			buildConfigurations = (
				064EEECE2DD3276200A2546F /* Debug */,
				064EEECF2DD3276200A2546F /* Release */,
			);
			defaultConfigurationIsVisible = 0;
			defaultConfigurationName = Release;
		};
/* End XCConfigurationList section */
	};
	rootObject = 064EEE9B2DD3276000A2546F /* Project object */;
}
